
Microsoft Visual Studio Solution File, Format Version 12.00
# Visual Studio Version 16
VisualStudioVersion = 16.0.29009.5
MinimumVisualStudioVersion = 10.0.40219.1
Project("{FAE04EC0-301F-11D3-BF4B-00C04F79EFBC}") = "CensusData", "CensusData\CensusData.csproj", "{DED25296-9BF3-45D0-A762-B1D18EBE2B3F}"
EndProject
Project("{FAE04EC0-301F-11D3-BF4B-00C04F79EFBC}") = "CensusData.Extract", "CensusData.Extract\CensusData.Extract.csproj", "{0CCBA03C-75A9-45B8-8995-D75AD2FE15E7}"
EndProject
Global
	GlobalSection(SolutionConfigurationPlatforms) = preSolution
		Debug|Any CPU = Debug|Any CPU
		Release|Any CPU = Release|Any CPU
	EndGlobalSection
	GlobalSection(ProjectConfigurationPlatforms) = postSolution
		{DED25296-9BF3-45D0-A762-B1D18EBE2B3F}.Debug|Any CPU.ActiveCfg = Debug|Any CPU
		{DED25296-9BF3-45D0-A762-B1D18EBE2B3F}.Debug|Any CPU.Build.0 = Debug|Any CPU
		{DED25296-9BF3-45D0-A762-B1D18EBE2B3F}.Release|Any CPU.ActiveCfg = Release|Any CPU
		{DED25296-9BF3-45D0-A762-B1D18EBE2B3F}.Release|Any CPU.Build.0 = Release|Any CPU
		{0CCBA03C-75A9-45B8-8995-D75AD2FE15E7}.Debug|Any CPU.ActiveCfg = Debug|Any CPU
		{0CCBA03C-75A9-45B8-8995-D75AD2FE15E7}.Debug|Any CPU.Build.0 = Debug|Any CPU
		{0CCBA03C-75A9-45B8-8995-D75AD2FE15E7}.Release|Any CPU.ActiveCfg = Release|Any CPU
		{0CCBA03C-75A9-45B8-8995-D75AD2FE15E7}.Release|Any CPU.Build.0 = Release|Any CPU
	EndGlobalSection
	GlobalSection(SolutionProperties) = preSolution
		HideSolutionNode = FALSE
	EndGlobalSection
	GlobalSection(ExtensibilityGlobals) = postSolution
		SolutionGuid = {6BB5EA1E-426D-4D5D-B5B9-0F708C215658}
	EndGlobalSection
EndGlobal
